// !$*UTF8*$!
{
	archiveVersion = 1;
	classes = {
	};
	objectVersion = 46;
	objects = {

/* Begin PBXBuildFile section */
		1A4D7F8C1D7F6A1600BEA6CE /* String+Additions.swift in Sources */ = {isa = PBXBuildFile; fileRef = 1A4D7F8B1D7F6A1600BEA6CE /* String+Additions.swift */; };
		1A9065411D7F517A00C42F35 /* ConfigurationSettings.swift in Sources */ = {isa = PBXBuildFile; fileRef = 1A9065401D7F517A00C42F35 /* ConfigurationSettings.swift */; };
		1A9065431D7F52A000C42F35 /* WeatherReportViewModel.swift in Sources */ = {isa = PBXBuildFile; fileRef = 1A9065421D7F52A000C42F35 /* WeatherReportViewModel.swift */; };
		1AA8C81B1D74F5870010088D /* FeedbackFormViewController.swift in Sources */ = {isa = PBXBuildFile; fileRef = 1AA8C81A1D74F5870010088D /* FeedbackFormViewController.swift */; };
		1AA8C81D1D74F5A50010088D /* Feedback.storyboard in Resources */ = {isa = PBXBuildFile; fileRef = 1AA8C81C1D74F5A50010088D /* Feedback.storyboard */; };
		1AA8C81F1D750B620010088D /* UIStoryboard+Additions.swift in Sources */ = {isa = PBXBuildFile; fileRef = 1AA8C81E1D750B620010088D /* UIStoryboard+Additions.swift */; };
		1AA8C8221D750C7A0010088D /* DebugMenuViewController.swift in Sources */ = {isa = PBXBuildFile; fileRef = 1AA8C8211D750C7A0010088D /* DebugMenuViewController.swift */; };
		1AA8C8251D750CA30010088D /* DebugMenu.storyboard in Resources */ = {isa = PBXBuildFile; fileRef = 1AA8C8231D750CA30010088D /* DebugMenu.storyboard */; };
		1ABFBA831D73B372004AD49A /* WeatherDisplayViewController.swift in Sources */ = {isa = PBXBuildFile; fileRef = 1ABFBA821D73B372004AD49A /* WeatherDisplayViewController.swift */; };
		1ABFBA861D73B3A7004AD49A /* WeatherDisplay.storyboard in Resources */ = {isa = PBXBuildFile; fileRef = 1ABFBA841D73B3A7004AD49A /* WeatherDisplay.storyboard */; };
		1ABFBA891D73C2BA004AD49A /* AssetCatalog.swift in Sources */ = {isa = PBXBuildFile; fileRef = 1ABFBA881D73C2BA004AD49A /* AssetCatalog.swift */; };
		1ABFBA8B1D73C6A8004AD49A /* WeatherService.swift in Sources */ = {isa = PBXBuildFile; fileRef = 1ABFBA8A1D73C6A8004AD49A /* WeatherService.swift */; };
		1ABFBA8E1D73C707004AD49A /* WeatherReport.swift in Sources */ = {isa = PBXBuildFile; fileRef = 1ABFBA8D1D73C707004AD49A /* WeatherReport.swift */; };
		1ABFBA911D74697A004AD49A /* ForcastIOWeatherSource.swift in Sources */ = {isa = PBXBuildFile; fileRef = 1ABFBA901D74697A004AD49A /* ForcastIOWeatherSource.swift */; };
		1ABFBA931D747AAA004AD49A /* FixedWeatherSource.swift in Sources */ = {isa = PBXBuildFile; fileRef = 1ABFBA921D747AAA004AD49A /* FixedWeatherSource.swift */; };
		1ABFBA961D747E2C004AD49A /* Injectable.swift in Sources */ = {isa = PBXBuildFile; fileRef = 1ABFBA951D747E2C004AD49A /* Injectable.swift */; };
		1ABFBA991D74E9B4004AD49A /* LocationService.swift in Sources */ = {isa = PBXBuildFile; fileRef = 1ABFBA981D74E9B4004AD49A /* LocationService.swift */; };
		1AE1B7F31D752F9100681068 /* Themer.swift in Sources */ = {isa = PBXBuildFile; fileRef = 1AE1B7F21D752F9100681068 /* Themer.swift */; };
		1AE1B7F51D7536B200681068 /* UserDefaults+Additions.swift in Sources */ = {isa = PBXBuildFile; fileRef = 1AE1B7F41D7536B200681068 /* UserDefaults+Additions.swift */; };
		1AEF35C11D6FB31300B89078 /* AppDelegate.swift in Sources */ = {isa = PBXBuildFile; fileRef = 1AEF35C01D6FB31300B89078 /* AppDelegate.swift */; };
		1AEF35C61D6FB31300B89078 /* Main.storyboard in Resources */ = {isa = PBXBuildFile; fileRef = 1AEF35C41D6FB31300B89078 /* Main.storyboard */; };
		1AEF35C81D6FB31300B89078 /* Assets.xcassets in Resources */ = {isa = PBXBuildFile; fileRef = 1AEF35C71D6FB31300B89078 /* Assets.xcassets */; };
		1AEF35CB1D6FB31300B89078 /* LaunchScreen.storyboard in Resources */ = {isa = PBXBuildFile; fileRef = 1AEF35C91D6FB31300B89078 /* LaunchScreen.storyboard */; };
		1AEF35D61D6FB31300B89078 /* RanchWeatherTests.swift in Sources */ = {isa = PBXBuildFile; fileRef = 1AEF35D51D6FB31300B89078 /* RanchWeatherTests.swift */; };
		1AEF35E21D6FB98A00B89078 /* LaunchMenuViewController.swift in Sources */ = {isa = PBXBuildFile; fileRef = 1AEF35E11D6FB98A00B89078 /* LaunchMenuViewController.swift */; };
		1AEF35E61D6FBA2A00B89078 /* Menu.swift in Sources */ = {isa = PBXBuildFile; fileRef = 1AEF35E41D6FBA2A00B89078 /* Menu.swift */; };
		1AEF35E91D6FBA6C00B89078 /* MenuTableViewDataSource.swift in Sources */ = {isa = PBXBuildFile; fileRef = 1AEF35E81D6FBA6C00B89078 /* MenuTableViewDataSource.swift */; };
		1AEF35EC1D6FC37400B89078 /* Localizable.strings in Resources */ = {isa = PBXBuildFile; fileRef = 1AEF35EB1D6FC37400B89078 /* Localizable.strings */; };
		1AEF35EE1D6FD0F400B89078 /* LaunchMenu.swift in Sources */ = {isa = PBXBuildFile; fileRef = 1AEF35ED1D6FD0F400B89078 /* LaunchMenu.swift */; };
/* End PBXBuildFile section */

/* Begin PBXContainerItemProxy section */
		1AEF35D21D6FB31300B89078 /* PBXContainerItemProxy */ = {
			isa = PBXContainerItemProxy;
			containerPortal = 1AEF35B51D6FB31200B89078 /* Project object */;
			proxyType = 1;
			remoteGlobalIDString = 1AEF35BC1D6FB31200B89078;
			remoteInfo = RanchWeather;
		};
/* End PBXContainerItemProxy section */

/* Begin PBXFileReference section */
		1A4D7F8B1D7F6A1600BEA6CE /* String+Additions.swift */ = {isa = PBXFileReference; fileEncoding = 4; lastKnownFileType = sourcecode.swift; path = "String+Additions.swift"; sourceTree = "<group>"; };
		1A7EE83D1D7E0AC200A161F9 /* slide-code-samples.playground */ = {isa = PBXFileReference; lastKnownFileType = file.playground; path = "slide-code-samples.playground"; sourceTree = "<group>"; };
		1A7EE83E1D7E61D400A161F9 /* README.md */ = {isa = PBXFileReference; fileEncoding = 4; lastKnownFileType = net.daringfireball.markdown; path = README.md; sourceTree = "<group>"; };
		1A9065401D7F517A00C42F35 /* ConfigurationSettings.swift */ = {isa = PBXFileReference; fileEncoding = 4; lastKnownFileType = sourcecode.swift; path = ConfigurationSettings.swift; sourceTree = "<group>"; };
		1A9065421D7F52A000C42F35 /* WeatherReportViewModel.swift */ = {isa = PBXFileReference; fileEncoding = 4; lastKnownFileType = sourcecode.swift; path = WeatherReportViewModel.swift; sourceTree = "<group>"; };
		1AA8C81A1D74F5870010088D /* FeedbackFormViewController.swift */ = {isa = PBXFileReference; fileEncoding = 4; lastKnownFileType = sourcecode.swift; path = FeedbackFormViewController.swift; sourceTree = "<group>"; };
		1AA8C81C1D74F5A50010088D /* Feedback.storyboard */ = {isa = PBXFileReference; fileEncoding = 4; lastKnownFileType = file.storyboard; path = Feedback.storyboard; sourceTree = "<group>"; };
		1AA8C81E1D750B620010088D /* UIStoryboard+Additions.swift */ = {isa = PBXFileReference; fileEncoding = 4; lastKnownFileType = sourcecode.swift; path = "UIStoryboard+Additions.swift"; sourceTree = "<group>"; };
		1AA8C8211D750C7A0010088D /* DebugMenuViewController.swift */ = {isa = PBXFileReference; fileEncoding = 4; lastKnownFileType = sourcecode.swift; path = DebugMenuViewController.swift; sourceTree = "<group>"; };
		1AA8C8241D750CA30010088D /* Base */ = {isa = PBXFileReference; lastKnownFileType = file.storyboard; name = Base; path = Base.lproj/DebugMenu.storyboard; sourceTree = "<group>"; };
		1ABFBA821D73B372004AD49A /* WeatherDisplayViewController.swift */ = {isa = PBXFileReference; fileEncoding = 4; lastKnownFileType = sourcecode.swift; path = WeatherDisplayViewController.swift; sourceTree = "<group>"; };
		1ABFBA851D73B3A7004AD49A /* Base */ = {isa = PBXFileReference; lastKnownFileType = file.storyboard; name = Base; path = Base.lproj/WeatherDisplay.storyboard; sourceTree = "<group>"; };
		1ABFBA881D73C2BA004AD49A /* AssetCatalog.swift */ = {isa = PBXFileReference; fileEncoding = 4; lastKnownFileType = sourcecode.swift; path = AssetCatalog.swift; sourceTree = "<group>"; };
		1ABFBA8A1D73C6A8004AD49A /* WeatherService.swift */ = {isa = PBXFileReference; fileEncoding = 4; lastKnownFileType = sourcecode.swift; path = WeatherService.swift; sourceTree = "<group>"; };
		1ABFBA8D1D73C707004AD49A /* WeatherReport.swift */ = {isa = PBXFileReference; fileEncoding = 4; lastKnownFileType = sourcecode.swift; path = WeatherReport.swift; sourceTree = "<group>"; };
		1ABFBA901D74697A004AD49A /* ForcastIOWeatherSource.swift */ = {isa = PBXFileReference; fileEncoding = 4; lastKnownFileType = sourcecode.swift; path = ForcastIOWeatherSource.swift; sourceTree = "<group>"; };
		1ABFBA921D747AAA004AD49A /* FixedWeatherSource.swift */ = {isa = PBXFileReference; fileEncoding = 4; lastKnownFileType = sourcecode.swift; path = FixedWeatherSource.swift; sourceTree = "<group>"; };
		1ABFBA951D747E2C004AD49A /* Injectable.swift */ = {isa = PBXFileReference; fileEncoding = 4; lastKnownFileType = sourcecode.swift; lineEnding = 0; path = Injectable.swift; sourceTree = "<group>"; xcLanguageSpecificationIdentifier = xcode.lang.swift; };
		1ABFBA981D74E9B4004AD49A /* LocationService.swift */ = {isa = PBXFileReference; fileEncoding = 4; lastKnownFileType = sourcecode.swift; path = LocationService.swift; sourceTree = "<group>"; };
		1AE1B7F21D752F9100681068 /* Themer.swift */ = {isa = PBXFileReference; fileEncoding = 4; lastKnownFileType = sourcecode.swift; path = Themer.swift; sourceTree = "<group>"; };
		1AE1B7F41D7536B200681068 /* UserDefaults+Additions.swift */ = {isa = PBXFileReference; fileEncoding = 4; lastKnownFileType = sourcecode.swift; path = "UserDefaults+Additions.swift"; sourceTree = "<group>"; };
		1AEF35BD1D6FB31300B89078 /* RanchWeather.app */ = {isa = PBXFileReference; explicitFileType = wrapper.application; includeInIndex = 0; path = RanchWeather.app; sourceTree = BUILT_PRODUCTS_DIR; };
		1AEF35C01D6FB31300B89078 /* AppDelegate.swift */ = {isa = PBXFileReference; lastKnownFileType = sourcecode.swift; path = AppDelegate.swift; sourceTree = "<group>"; };
		1AEF35C51D6FB31300B89078 /* Base */ = {isa = PBXFileReference; lastKnownFileType = file.storyboard; name = Base; path = Base.lproj/Main.storyboard; sourceTree = "<group>"; };
		1AEF35C71D6FB31300B89078 /* Assets.xcassets */ = {isa = PBXFileReference; lastKnownFileType = folder.assetcatalog; path = Assets.xcassets; sourceTree = "<group>"; };
		1AEF35CA1D6FB31300B89078 /* Base */ = {isa = PBXFileReference; lastKnownFileType = file.storyboard; name = Base; path = Base.lproj/LaunchScreen.storyboard; sourceTree = "<group>"; };
		1AEF35CC1D6FB31300B89078 /* Info.plist */ = {isa = PBXFileReference; lastKnownFileType = text.plist.xml; path = Info.plist; sourceTree = "<group>"; };
		1AEF35D11D6FB31300B89078 /* RanchWeatherTests.xctest */ = {isa = PBXFileReference; explicitFileType = wrapper.cfbundle; includeInIndex = 0; path = RanchWeatherTests.xctest; sourceTree = BUILT_PRODUCTS_DIR; };
		1AEF35D51D6FB31300B89078 /* RanchWeatherTests.swift */ = {isa = PBXFileReference; lastKnownFileType = sourcecode.swift; path = RanchWeatherTests.swift; sourceTree = "<group>"; };
		1AEF35D71D6FB31300B89078 /* Info.plist */ = {isa = PBXFileReference; lastKnownFileType = text.plist.xml; path = Info.plist; sourceTree = "<group>"; };
		1AEF35E11D6FB98A00B89078 /* LaunchMenuViewController.swift */ = {isa = PBXFileReference; fileEncoding = 4; lastKnownFileType = sourcecode.swift; lineEnding = 0; path = LaunchMenuViewController.swift; sourceTree = "<group>"; xcLanguageSpecificationIdentifier = xcode.lang.swift; };
		1AEF35E41D6FBA2A00B89078 /* Menu.swift */ = {isa = PBXFileReference; fileEncoding = 4; lastKnownFileType = sourcecode.swift; path = Menu.swift; sourceTree = "<group>"; };
		1AEF35E81D6FBA6C00B89078 /* MenuTableViewDataSource.swift */ = {isa = PBXFileReference; fileEncoding = 4; lastKnownFileType = sourcecode.swift; path = MenuTableViewDataSource.swift; sourceTree = "<group>"; };
		1AEF35EB1D6FC37400B89078 /* Localizable.strings */ = {isa = PBXFileReference; fileEncoding = 4; lastKnownFileType = text.plist.strings; path = Localizable.strings; sourceTree = "<group>"; };
		1AEF35ED1D6FD0F400B89078 /* LaunchMenu.swift */ = {isa = PBXFileReference; fileEncoding = 4; lastKnownFileType = sourcecode.swift; path = LaunchMenu.swift; sourceTree = "<group>"; };
/* End PBXFileReference section */

/* Begin PBXFrameworksBuildPhase section */
		1AEF35BA1D6FB31200B89078 /* Frameworks */ = {
			isa = PBXFrameworksBuildPhase;
			buildActionMask = 2147483647;
			files = (
			);
			runOnlyForDeploymentPostprocessing = 0;
		};
		1AEF35CE1D6FB31300B89078 /* Frameworks */ = {
			isa = PBXFrameworksBuildPhase;
			buildActionMask = 2147483647;
			files = (
			);
			runOnlyForDeploymentPostprocessing = 0;
		};
/* End PBXFrameworksBuildPhase section */

/* Begin PBXGroup section */
		1AA8C8191D74F5730010088D /* Feedback */ = {
			isa = PBXGroup;
			children = (
				1AA8C81A1D74F5870010088D /* FeedbackFormViewController.swift */,
				1AA8C81C1D74F5A50010088D /* Feedback.storyboard */,
			);
			name = Feedback;
			sourceTree = "<group>";
		};
		1AA8C8201D750C660010088D /* Debug Menu */ = {
			isa = PBXGroup;
			children = (
				1AA8C8211D750C7A0010088D /* DebugMenuViewController.swift */,
				1AA8C8231D750CA30010088D /* DebugMenu.storyboard */,
			);
			name = "Debug Menu";
			sourceTree = "<group>";
		};
		1ABFBA811D73B356004AD49A /* Weather Display */ = {
			isa = PBXGroup;
			children = (
				1ABFBA821D73B372004AD49A /* WeatherDisplayViewController.swift */,
				1ABFBA841D73B3A7004AD49A /* WeatherDisplay.storyboard */,
			);
			name = "Weather Display";
			sourceTree = "<group>";
		};
		1ABFBA871D73C202004AD49A /* Resources */ = {
			isa = PBXGroup;
			children = (
				1ABFBA881D73C2BA004AD49A /* AssetCatalog.swift */,
				1AEF35C71D6FB31300B89078 /* Assets.xcassets */,
			);
			name = Resources;
			sourceTree = "<group>";
		};
		1ABFBA8C1D73C6AE004AD49A /* Weather Service */ = {
			isa = PBXGroup;
			children = (
				1ABFBA8A1D73C6A8004AD49A /* WeatherService.swift */,
				1ABFBA8D1D73C707004AD49A /* WeatherReport.swift */,
				1A9065421D7F52A000C42F35 /* WeatherReportViewModel.swift */,
				1ABFBA8F1D746940004AD49A /* DataSources */,
			);
			name = "Weather Service";
			sourceTree = "<group>";
		};
		1ABFBA8F1D746940004AD49A /* DataSources */ = {
			isa = PBXGroup;
			children = (
				1ABFBA901D74697A004AD49A /* ForcastIOWeatherSource.swift */,
				1ABFBA921D747AAA004AD49A /* FixedWeatherSource.swift */,
			);
			name = DataSources;
			sourceTree = "<group>";
		};
		1ABFBA941D747C96004AD49A /* Shared */ = {
			isa = PBXGroup;
			children = (
				1ABFBA951D747E2C004AD49A /* Injectable.swift */,
				1AA8C81E1D750B620010088D /* UIStoryboard+Additions.swift */,
				1AE1B7F41D7536B200681068 /* UserDefaults+Additions.swift */,
				1A4D7F8B1D7F6A1600BEA6CE /* String+Additions.swift */,
			);
			name = Shared;
			sourceTree = "<group>";
		};
		1ABFBA971D74E9A4004AD49A /* Location Service */ = {
			isa = PBXGroup;
			children = (
				1ABFBA981D74E9B4004AD49A /* LocationService.swift */,
			);
			name = "Location Service";
			sourceTree = "<group>";
		};
		1AE1B7F11D752F7C00681068 /* Themer */ = {
			isa = PBXGroup;
			children = (
				1AE1B7F21D752F9100681068 /* Themer.swift */,
			);
			name = Themer;
			sourceTree = "<group>";
		};
		1AEF35B41D6FB31200B89078 = {
			isa = PBXGroup;
			children = (
				1A7EE83E1D7E61D400A161F9 /* README.md */,
				1A7EE83D1D7E0AC200A161F9 /* slide-code-samples.playground */,
				1AEF35BF1D6FB31300B89078 /* RanchWeather */,
				1AEF35D41D6FB31300B89078 /* RanchWeatherTests */,
				1AEF35BE1D6FB31300B89078 /* Products */,
			);
			sourceTree = "<group>";
		};
		1AEF35BE1D6FB31300B89078 /* Products */ = {
			isa = PBXGroup;
			children = (
				1AEF35BD1D6FB31300B89078 /* RanchWeather.app */,
				1AEF35D11D6FB31300B89078 /* RanchWeatherTests.xctest */,
			);
			name = Products;
			sourceTree = "<group>";
		};
		1AEF35BF1D6FB31300B89078 /* RanchWeather */ = {
			isa = PBXGroup;
			children = (
				1AEF35EB1D6FC37400B89078 /* Localizable.strings */,
				1AEF35C01D6FB31300B89078 /* AppDelegate.swift */,
				1A9065401D7F517A00C42F35 /* ConfigurationSettings.swift */,
				1AE1B7F11D752F7C00681068 /* Themer */,
				1AA8C8201D750C660010088D /* Debug Menu */,
				1AA8C8191D74F5730010088D /* Feedback */,
				1ABFBA941D747C96004AD49A /* Shared */,
				1ABFBA971D74E9A4004AD49A /* Location Service */,
				1ABFBA8C1D73C6AE004AD49A /* Weather Service */,
				1AEF35EA1D6FBB0100B89078 /* Menu */,
				1AEF35E01D6FB95B00B89078 /* Main Menu */,
				1ABFBA811D73B356004AD49A /* Weather Display */,
				1ABFBA871D73C202004AD49A /* Resources */,
				1AEF35C91D6FB31300B89078 /* LaunchScreen.storyboard */,
				1AEF35CC1D6FB31300B89078 /* Info.plist */,
			);
			path = RanchWeather;
			sourceTree = "<group>";
		};
		1AEF35D41D6FB31300B89078 /* RanchWeatherTests */ = {
			isa = PBXGroup;
			children = (
				1AEF35D51D6FB31300B89078 /* RanchWeatherTests.swift */,
				1AEF35D71D6FB31300B89078 /* Info.plist */,
			);
			path = RanchWeatherTests;
			sourceTree = "<group>";
		};
		1AEF35E01D6FB95B00B89078 /* Main Menu */ = {
			isa = PBXGroup;
			children = (
				1AEF35C41D6FB31300B89078 /* Main.storyboard */,
				1AEF35E11D6FB98A00B89078 /* LaunchMenuViewController.swift */,
				1AEF35ED1D6FD0F400B89078 /* LaunchMenu.swift */,
			);
			name = "Main Menu";
			sourceTree = "<group>";
		};
		1AEF35EA1D6FBB0100B89078 /* Menu */ = {
			isa = PBXGroup;
			children = (
				1AEF35E41D6FBA2A00B89078 /* Menu.swift */,
				1AEF35E81D6FBA6C00B89078 /* MenuTableViewDataSource.swift */,
			);
			name = Menu;
			sourceTree = "<group>";
		};
/* End PBXGroup section */

/* Begin PBXNativeTarget section */
		1AEF35BC1D6FB31200B89078 /* RanchWeather */ = {
			isa = PBXNativeTarget;
			buildConfigurationList = 1AEF35DA1D6FB31300B89078 /* Build configuration list for PBXNativeTarget "RanchWeather" */;
			buildPhases = (
				1AEF35B91D6FB31200B89078 /* Sources */,
				1AEF35BA1D6FB31200B89078 /* Frameworks */,
				1AEF35BB1D6FB31200B89078 /* Resources */,
			);
			buildRules = (
			);
			dependencies = (
			);
			name = RanchWeather;
			productName = RanchWeather;
			productReference = 1AEF35BD1D6FB31300B89078 /* RanchWeather.app */;
			productType = "com.apple.product-type.application";
		};
		1AEF35D01D6FB31300B89078 /* RanchWeatherTests */ = {
			isa = PBXNativeTarget;
			buildConfigurationList = 1AEF35DD1D6FB31300B89078 /* Build configuration list for PBXNativeTarget "RanchWeatherTests" */;
			buildPhases = (
				1AEF35CD1D6FB31300B89078 /* Sources */,
				1AEF35CE1D6FB31300B89078 /* Frameworks */,
				1AEF35CF1D6FB31300B89078 /* Resources */,
			);
			buildRules = (
			);
			dependencies = (
				1AEF35D31D6FB31300B89078 /* PBXTargetDependency */,
			);
			name = RanchWeatherTests;
			productName = RanchWeatherTests;
			productReference = 1AEF35D11D6FB31300B89078 /* RanchWeatherTests.xctest */;
			productType = "com.apple.product-type.bundle.unit-test";
		};
/* End PBXNativeTarget section */

/* Begin PBXProject section */
		1AEF35B51D6FB31200B89078 /* Project object */ = {
			isa = PBXProject;
			attributes = {
				LastSwiftUpdateCheck = 0800;
				LastUpgradeCheck = 0810;
				ORGANIZATIONNAME = "Big Nerd Ranch";
				TargetAttributes = {
					1AEF35BC1D6FB31200B89078 = {
						CreatedOnToolsVersion = 8.0;
						DevelopmentTeam = 439592V3LM;
						ProvisioningStyle = Automatic;
					};
					1AEF35D01D6FB31300B89078 = {
						CreatedOnToolsVersion = 8.0;
						DevelopmentTeam = 439592V3LM;
						ProvisioningStyle = Automatic;
						TestTargetID = 1AEF35BC1D6FB31200B89078;
					};
				};
			};
			buildConfigurationList = 1AEF35B81D6FB31200B89078 /* Build configuration list for PBXProject "RanchWeather" */;
			compatibilityVersion = "Xcode 3.2";
			developmentRegion = English;
			hasScannedForEncodings = 0;
			knownRegions = (
				en,
				Base,
			);
			mainGroup = 1AEF35B41D6FB31200B89078;
			productRefGroup = 1AEF35BE1D6FB31300B89078 /* Products */;
			projectDirPath = "";
			projectRoot = "";
			targets = (
				1AEF35BC1D6FB31200B89078 /* RanchWeather */,
				1AEF35D01D6FB31300B89078 /* RanchWeatherTests */,
			);
		};
/* End PBXProject section */

/* Begin PBXResourcesBuildPhase section */
		1AEF35BB1D6FB31200B89078 /* Resources */ = {
			isa = PBXResourcesBuildPhase;
			buildActionMask = 2147483647;
			files = (
				1AEF35CB1D6FB31300B89078 /* LaunchScreen.storyboard in Resources */,
				1AA8C8251D750CA30010088D /* DebugMenu.storyboard in Resources */,
				1AEF35EC1D6FC37400B89078 /* Localizable.strings in Resources */,
				1AEF35C81D6FB31300B89078 /* Assets.xcassets in Resources */,
				1ABFBA861D73B3A7004AD49A /* WeatherDisplay.storyboard in Resources */,
				1AEF35C61D6FB31300B89078 /* Main.storyboard in Resources */,
				1AA8C81D1D74F5A50010088D /* Feedback.storyboard in Resources */,
			);
			runOnlyForDeploymentPostprocessing = 0;
		};
		1AEF35CF1D6FB31300B89078 /* Resources */ = {
			isa = PBXResourcesBuildPhase;
			buildActionMask = 2147483647;
			files = (
			);
			runOnlyForDeploymentPostprocessing = 0;
		};
/* End PBXResourcesBuildPhase section */

/* Begin PBXSourcesBuildPhase section */
		1AEF35B91D6FB31200B89078 /* Sources */ = {
			isa = PBXSourcesBuildPhase;
			buildActionMask = 2147483647;
			files = (
				1AE1B7F31D752F9100681068 /* Themer.swift in Sources */,
				1A9065411D7F517A00C42F35 /* ConfigurationSettings.swift in Sources */,
				1ABFBA8E1D73C707004AD49A /* WeatherReport.swift in Sources */,
				1ABFBA8B1D73C6A8004AD49A /* WeatherService.swift in Sources */,
				1AEF35E21D6FB98A00B89078 /* LaunchMenuViewController.swift in Sources */,
				1AA8C8221D750C7A0010088D /* DebugMenuViewController.swift in Sources */,
				1AEF35E61D6FBA2A00B89078 /* Menu.swift in Sources */,
				1ABFBA961D747E2C004AD49A /* Injectable.swift in Sources */,
				1ABFBA831D73B372004AD49A /* WeatherDisplayViewController.swift in Sources */,
				1ABFBA931D747AAA004AD49A /* FixedWeatherSource.swift in Sources */,
				1AEF35C11D6FB31300B89078 /* AppDelegate.swift in Sources */,
				1A9065431D7F52A000C42F35 /* WeatherReportViewModel.swift in Sources */,
				1AE1B7F51D7536B200681068 /* UserDefaults+Additions.swift in Sources */,
				1ABFBA911D74697A004AD49A /* ForcastIOWeatherSource.swift in Sources */,
				1A4D7F8C1D7F6A1600BEA6CE /* String+Additions.swift in Sources */,
				1ABFBA991D74E9B4004AD49A /* LocationService.swift in Sources */,
				1AA8C81B1D74F5870010088D /* FeedbackFormViewController.swift in Sources */,
				1AA8C81F1D750B620010088D /* UIStoryboard+Additions.swift in Sources */,
				1AEF35E91D6FBA6C00B89078 /* MenuTableViewDataSource.swift in Sources */,
				1AEF35EE1D6FD0F400B89078 /* LaunchMenu.swift in Sources */,
				1ABFBA891D73C2BA004AD49A /* AssetCatalog.swift in Sources */,
			);
			runOnlyForDeploymentPostprocessing = 0;
		};
		1AEF35CD1D6FB31300B89078 /* Sources */ = {
			isa = PBXSourcesBuildPhase;
			buildActionMask = 2147483647;
			files = (
				1AEF35D61D6FB31300B89078 /* RanchWeatherTests.swift in Sources */,
			);
			runOnlyForDeploymentPostprocessing = 0;
		};
/* End PBXSourcesBuildPhase section */

/* Begin PBXTargetDependency section */
		1AEF35D31D6FB31300B89078 /* PBXTargetDependency */ = {
			isa = PBXTargetDependency;
			target = 1AEF35BC1D6FB31200B89078 /* RanchWeather */;
			targetProxy = 1AEF35D21D6FB31300B89078 /* PBXContainerItemProxy */;
		};
/* End PBXTargetDependency section */

/* Begin PBXVariantGroup section */
		1AA8C8231D750CA30010088D /* DebugMenu.storyboard */ = {
			isa = PBXVariantGroup;
			children = (
				1AA8C8241D750CA30010088D /* Base */,
			);
			name = DebugMenu.storyboard;
			sourceTree = "<group>";
		};
		1ABFBA841D73B3A7004AD49A /* WeatherDisplay.storyboard */ = {
			isa = PBXVariantGroup;
			children = (
				1ABFBA851D73B3A7004AD49A /* Base */,
			);
			name = WeatherDisplay.storyboard;
			sourceTree = "<group>";
		};
		1AEF35C41D6FB31300B89078 /* Main.storyboard */ = {
			isa = PBXVariantGroup;
			children = (
				1AEF35C51D6FB31300B89078 /* Base */,
			);
			name = Main.storyboard;
			sourceTree = "<group>";
		};
		1AEF35C91D6FB31300B89078 /* LaunchScreen.storyboard */ = {
			isa = PBXVariantGroup;
			children = (
				1AEF35CA1D6FB31300B89078 /* Base */,
			);
			name = LaunchScreen.storyboard;
			sourceTree = "<group>";
		};
/* End PBXVariantGroup section */

/* Begin XCBuildConfiguration section */
		1AEF35D81D6FB31300B89078 /* Debug */ = {
			isa = XCBuildConfiguration;
			buildSettings = {
				ALWAYS_SEARCH_USER_PATHS = NO;
				CLANG_ANALYZER_NONNULL = YES;
				CLANG_CXX_LANGUAGE_STANDARD = "gnu++0x";
				CLANG_CXX_LIBRARY = "libc++";
				CLANG_ENABLE_MODULES = YES;
				CLANG_ENABLE_OBJC_ARC = YES;
				CLANG_WARN_BOOL_CONVERSION = YES;
				CLANG_WARN_CONSTANT_CONVERSION = YES;
				CLANG_WARN_DIRECT_OBJC_ISA_USAGE = YES_ERROR;
				CLANG_WARN_DOCUMENTATION_COMMENTS = YES;
				CLANG_WARN_EMPTY_BODY = YES;
				CLANG_WARN_ENUM_CONVERSION = YES;
				CLANG_WARN_INFINITE_RECURSION = YES;
				CLANG_WARN_INT_CONVERSION = YES;
				CLANG_WARN_OBJC_ROOT_CLASS = YES_ERROR;
				CLANG_WARN_SUSPICIOUS_MOVE = YES;
				CLANG_WARN_SUSPICIOUS_MOVES = YES;
				CLANG_WARN_UNREACHABLE_CODE = YES;
				CLANG_WARN__DUPLICATE_METHOD_MATCH = YES;
				"CODE_SIGN_IDENTITY[sdk=iphoneos*]" = "iPhone Developer";
				COPY_PHASE_STRIP = NO;
				DEBUG_INFORMATION_FORMAT = dwarf;
				ENABLE_STRICT_OBJC_MSGSEND = YES;
				ENABLE_TESTABILITY = YES;
				GCC_C_LANGUAGE_STANDARD = gnu99;
				GCC_DYNAMIC_NO_PIC = NO;
				GCC_NO_COMMON_BLOCKS = YES;
				GCC_OPTIMIZATION_LEVEL = 0;
				GCC_PREPROCESSOR_DEFINITIONS = (
					"DEBUG=1",
					"$(inherited)",
				);
				GCC_WARN_64_TO_32_BIT_CONVERSION = YES;
				GCC_WARN_ABOUT_RETURN_TYPE = YES_ERROR;
				GCC_WARN_UNDECLARED_SELECTOR = YES;
				GCC_WARN_UNINITIALIZED_AUTOS = YES_AGGRESSIVE;
				GCC_WARN_UNUSED_FUNCTION = YES;
				GCC_WARN_UNUSED_VARIABLE = YES;
				IPHONEOS_DEPLOYMENT_TARGET = 10.0;
				MTL_ENABLE_DEBUG_INFO = YES;
				ONLY_ACTIVE_ARCH = YES;
				SDKROOT = iphoneos;
				SWIFT_ACTIVE_COMPILATION_CONDITIONS = DEBUG;
				SWIFT_OPTIMIZATION_LEVEL = "-Onone";
			};
			name = Debug;
		};
		1AEF35D91D6FB31300B89078 /* Release */ = {
			isa = XCBuildConfiguration;
			buildSettings = {
				ALWAYS_SEARCH_USER_PATHS = NO;
				CLANG_ANALYZER_NONNULL = YES;
				CLANG_CXX_LANGUAGE_STANDARD = "gnu++0x";
				CLANG_CXX_LIBRARY = "libc++";
				CLANG_ENABLE_MODULES = YES;
				CLANG_ENABLE_OBJC_ARC = YES;
				CLANG_WARN_BOOL_CONVERSION = YES;
				CLANG_WARN_CONSTANT_CONVERSION = YES;
				CLANG_WARN_DIRECT_OBJC_ISA_USAGE = YES_ERROR;
				CLANG_WARN_DOCUMENTATION_COMMENTS = YES;
				CLANG_WARN_EMPTY_BODY = YES;
				CLANG_WARN_ENUM_CONVERSION = YES;
				CLANG_WARN_INFINITE_RECURSION = YES;
				CLANG_WARN_INT_CONVERSION = YES;
				CLANG_WARN_OBJC_ROOT_CLASS = YES_ERROR;
				CLANG_WARN_SUSPICIOUS_MOVE = YES;
				CLANG_WARN_SUSPICIOUS_MOVES = YES;
				CLANG_WARN_UNREACHABLE_CODE = YES;
				CLANG_WARN__DUPLICATE_METHOD_MATCH = YES;
				"CODE_SIGN_IDENTITY[sdk=iphoneos*]" = "iPhone Developer";
				COPY_PHASE_STRIP = NO;
				DEBUG_INFORMATION_FORMAT = "dwarf-with-dsym";
				ENABLE_NS_ASSERTIONS = NO;
				ENABLE_STRICT_OBJC_MSGSEND = YES;
				GCC_C_LANGUAGE_STANDARD = gnu99;
				GCC_NO_COMMON_BLOCKS = YES;
				GCC_WARN_64_TO_32_BIT_CONVERSION = YES;
				GCC_WARN_ABOUT_RETURN_TYPE = YES_ERROR;
				GCC_WARN_UNDECLARED_SELECTOR = YES;
				GCC_WARN_UNINITIALIZED_AUTOS = YES_AGGRESSIVE;
				GCC_WARN_UNUSED_FUNCTION = YES;
				GCC_WARN_UNUSED_VARIABLE = YES;
				IPHONEOS_DEPLOYMENT_TARGET = 10.0;
				MTL_ENABLE_DEBUG_INFO = NO;
				SDKROOT = iphoneos;
				SWIFT_OPTIMIZATION_LEVEL = "-Owholemodule";
				VALIDATE_PRODUCT = YES;
			};
			name = Release;
		};
		1AEF35DB1D6FB31300B89078 /* Debug */ = {
			isa = XCBuildConfiguration;
			buildSettings = {
				ASSETCATALOG_COMPILER_APPICON_NAME = AppIcon;
				DEVELOPMENT_TEAM = 439592V3LM;
				INFOPLIST_FILE = RanchWeather/Info.plist;
				LD_RUNPATH_SEARCH_PATHS = "$(inherited) @executable_path/Frameworks";
				PRODUCT_BUNDLE_IDENTIFIER = com.bignerdranch.RanchWeather;
				PRODUCT_NAME = "$(TARGET_NAME)";
				SWIFT_VERSION = 3.0;
			};
			name = Debug;
		};
		1AEF35DC1D6FB31300B89078 /* Release */ = {
			isa = XCBuildConfiguration;
			buildSettings = {
				ASSETCATALOG_COMPILER_APPICON_NAME = AppIcon;
				DEVELOPMENT_TEAM = 439592V3LM;
				INFOPLIST_FILE = RanchWeather/Info.plist;
				LD_RUNPATH_SEARCH_PATHS = "$(inherited) @executable_path/Frameworks";
				PRODUCT_BUNDLE_IDENTIFIER = com.bignerdranch.RanchWeather;
				PRODUCT_NAME = "$(TARGET_NAME)";
				SWIFT_VERSION = 3.0;
			};
			name = Release;
		};
		1AEF35DE1D6FB31300B89078 /* Debug */ = {
			isa = XCBuildConfiguration;
			buildSettings = {
				ALWAYS_EMBED_SWIFT_STANDARD_LIBRARIES = YES;
				BUNDLE_LOADER = "$(TEST_HOST)";
				DEVELOPMENT_TEAM = 439592V3LM;
				INFOPLIST_FILE = RanchWeatherTests/Info.plist;
				LD_RUNPATH_SEARCH_PATHS = "$(inherited) @executable_path/Frameworks @loader_path/Frameworks";
				PRODUCT_BUNDLE_IDENTIFIER = com.bignerdranch.RanchWeatherTests;
				PRODUCT_NAME = "$(TARGET_NAME)";
				SWIFT_VERSION = 3.0;
				TEST_HOST = "$(BUILT_PRODUCTS_DIR)/RanchWeather.app/RanchWeather";
			};
			name = Debug;
		};
		1AEF35DF1D6FB31300B89078 /* Release */ = {
			isa = XCBuildConfiguration;
			buildSettings = {
				ALWAYS_EMBED_SWIFT_STANDARD_LIBRARIES = YES;
				BUNDLE_LOADER = "$(TEST_HOST)";
				DEVELOPMENT_TEAM = 439592V3LM;
				INFOPLIST_FILE = RanchWeatherTests/Info.plist;
				LD_RUNPATH_SEARCH_PATHS = "$(inherited) @executable_path/Frameworks @loader_path/Frameworks";
				PRODUCT_BUNDLE_IDENTIFIER = com.bignerdranch.RanchWeatherTests;
				PRODUCT_NAME = "$(TARGET_NAME)";
				SWIFT_VERSION = 3.0;
				TEST_HOST = "$(BUILT_PRODUCTS_DIR)/RanchWeather.app/RanchWeather";
			};
			name = Release;
		};
/* End XCBuildConfiguration section */

/* Begin XCConfigurationList section */
		1AEF35B81D6FB31200B89078 /* Build configuration list for PBXProject "RanchWeather" */ = {
			isa = XCConfigurationList;
			buildConfigurations = (
				1AEF35D81D6FB31300B89078 /* Debug */,
				1AEF35D91D6FB31300B89078 /* Release */,
			);
			defaultConfigurationIsVisible = 0;
			defaultConfigurationName = Release;
		};
		1AEF35DA1D6FB31300B89078 /* Build configuration list for PBXNativeTarget "RanchWeather" */ = {
			isa = XCConfigurationList;
			buildConfigurations = (
				1AEF35DB1D6FB31300B89078 /* Debug */,
				1AEF35DC1D6FB31300B89078 /* Release */,
			);
			defaultConfigurationIsVisible = 0;
			defaultConfigurationName = Release;
		};
		1AEF35DD1D6FB31300B89078 /* Build configuration list for PBXNativeTarget "RanchWeatherTests" */ = {
			isa = XCConfigurationList;
			buildConfigurations = (
				1AEF35DE1D6FB31300B89078 /* Debug */,
				1AEF35DF1D6FB31300B89078 /* Release */,
			);
			defaultConfigurationIsVisible = 0;
			defaultConfigurationName = Release;
		};
/* End XCConfigurationList section */
	};
	rootObject = 1AEF35B51D6FB31200B89078 /* Project object */;
}
